PODS:
  - GCDWebServer (3.5.2):
    - GCDWebServer/Core (= 3.5.2)
  - GCDWebServer/Core (3.5.2)

DEPENDENCIES:
  - GCDWebServer (~> 3.0)

SPEC REPOS:
  https://github.com/cocoapods/specs.git:
    - GCDWebServer

SPEC CHECKSUMS:
  GCDWebServer: ead88cd14596dd4eae4f5830b8877c87c8728990

PODFILE CHECKSUM: 51efd7ffce983ca2a5b35aebed176cc1a31d83db

COCOAPODS: 1.6.1
